
Microsoft Visual Studio Solution File, Format Version 12.00
# Visual Studio 2012
Project("{2150E333-8FDC-42A3-9474-1A3956D46DE8}") = "Solution Items", "Solution Items", "{5B1BA265-25C4-4B37-BFF1-CAA3AC53E530}"
	ProjectSection(SolutionItems) = preProject
		.gitignore = .gitignore
		LICENSE.txt = LICENSE.txt
		README.md = README.md
	EndProjectSection
EndProject
Project("{FAE04EC0-301F-11D3-BF4B-00C04F79EFBC}") = "SourceMax.DataAccess.Fakes", "src\SourceMax.DataAccess.Fakes\SourceMax.DataAccess.Fakes.csproj", "{26F7D473-928A-4584-AF1A-BA69BBB5DEAF}"
EndProject
Project("{FAE04EC0-301F-11D3-BF4B-00C04F79EFBC}") = "SourceMax.DataAccess.Fakes.Tests", "test\SourceMax.DataAccess.Fakes.Tests\SourceMax.DataAccess.Fakes.Tests.csproj", "{E3EB6BA8-11B2-4F5F-81F3-F50367DF22FB}"
EndProject
Global
	GlobalSection(SolutionConfigurationPlatforms) = preSolution
		Debug|Any CPU = Debug|Any CPU
		Release|Any CPU = Release|Any CPU
	EndGlobalSection
	GlobalSection(ProjectConfigurationPlatforms) = postSolution
		{26F7D473-928A-4584-AF1A-BA69BBB5DEAF}.Debug|Any CPU.ActiveCfg = Debug|Any CPU
		{26F7D473-928A-4584-AF1A-BA69BBB5DEAF}.Debug|Any CPU.Build.0 = Debug|Any CPU
		{26F7D473-928A-4584-AF1A-BA69BBB5DEAF}.Release|Any CPU.ActiveCfg = Release|Any CPU
		{26F7D473-928A-4584-AF1A-BA69BBB5DEAF}.Release|Any CPU.Build.0 = Release|Any CPU
		{E3EB6BA8-11B2-4F5F-81F3-F50367DF22FB}.Debug|Any CPU.ActiveCfg = Debug|Any CPU
		{E3EB6BA8-11B2-4F5F-81F3-F50367DF22FB}.Debug|Any CPU.Build.0 = Debug|Any CPU
		{E3EB6BA8-11B2-4F5F-81F3-F50367DF22FB}.Release|Any CPU.ActiveCfg = Release|Any CPU
		{E3EB6BA8-11B2-4F5F-81F3-F50367DF22FB}.Release|Any CPU.Build.0 = Release|Any CPU
	EndGlobalSection
	GlobalSection(SolutionProperties) = preSolution
		HideSolutionNode = FALSE
	EndGlobalSection
EndGlobal
